
Microsoft Visual Studio Solution File, Format Version 12.00
# Visual Studio Version 16
VisualStudioVersion = 16.0.29920.165
MinimumVisualStudioVersion = 10.0.40219.1
Project("{FAE04EC0-301F-11D3-BF4B-00C04F79EFBC}") = "FindPatientRecords2", "FindPatientRecords2\FindPatientRecords2.csproj", "{B1819FA2-3F16-4DD7-8569-F470117C8508}"
EndProject
Global
	GlobalSection(SolutionConfigurationPlatforms) = preSolution
		Debug|Any CPU = Debug|Any CPU
		Release|Any CPU = Release|Any CPU
	EndGlobalSection
	GlobalSection(ProjectConfigurationPlatforms) = postSolution
		{B1819FA2-3F16-4DD7-8569-F470117C8508}.Debug|Any CPU.ActiveCfg = Debug|Any CPU
		{B1819FA2-3F16-4DD7-8569-F470117C8508}.Debug|Any CPU.Build.0 = Debug|Any CPU
		{B1819FA2-3F16-4DD7-8569-F470117C8508}.Release|Any CPU.ActiveCfg = Release|Any CPU
		{B1819FA2-3F16-4DD7-8569-F470117C8508}.Release|Any CPU.Build.0 = Release|Any CPU
	EndGlobalSection
	GlobalSection(SolutionProperties) = preSolution
		HideSolutionNode = FALSE
	EndGlobalSection
	GlobalSection(ExtensibilityGlobals) = postSolution
		SolutionGuid = {7F898835-6D60-441B-B786-ADDA5A182D6D}
	EndGlobalSection
EndGlobal
